
Microsoft Visual Studio Solution File, Format Version 12.00
# Visual Studio 15
VisualStudioVersion = 15.0.28307.1800
MinimumVisualStudioVersion = 10.0.40219.1
Project("{FAE04EC0-301F-11D3-BF4B-00C04F79EFBC}") = "ConsoleApp1", "ConsoleApp1\ConsoleApp1.csproj", "{5F4D3CE2-FABD-445E-BA15-D028F2E2B6C3}"
EndProject
Global
	GlobalSection(SolutionConfigurationPlatforms) = preSolution
		Debug|Any CPU = Debug|Any CPU
		Release|Any CPU = Release|Any CPU
	EndGlobalSection
	GlobalSection(ProjectConfigurationPlatforms) = postSolution
		{5F4D3CE2-FABD-445E-BA15-D028F2E2B6C3}.Debug|Any CPU.ActiveCfg = Debug|Any CPU
		{5F4D3CE2-FABD-445E-BA15-D028F2E2B6C3}.Debug|Any CPU.Build.0 = Debug|Any CPU
		{5F4D3CE2-FABD-445E-BA15-D028F2E2B6C3}.Release|Any CPU.ActiveCfg = Release|Any CPU
		{5F4D3CE2-FABD-445E-BA15-D028F2E2B6C3}.Release|Any CPU.Build.0 = Release|Any CPU
	EndGlobalSection
	GlobalSection(SolutionProperties) = preSolution
		HideSolutionNode = FALSE
	EndGlobalSection
	GlobalSection(ExtensibilityGlobals) = postSolution
		SolutionGuid = {83C50C82-D7E8-44CB-87CB-8EFB854D9869}
	EndGlobalSection
EndGlobal
