
Microsoft Visual Studio Solution File, Format Version 12.00
# Visual Studio Version 16
VisualStudioVersion = 16.0.31702.278
MinimumVisualStudioVersion = 10.0.40219.1
Project("{FAE04EC0-301F-11D3-BF4B-00C04F79EFBC}") = "AwaitTEST", "AwaitTEST.csproj", "{9210F7ED-56BA-4C77-B7B9-95E2A5200A15}"
EndProject
Global
	GlobalSection(SolutionConfigurationPlatforms) = preSolution
		Debug|Any CPU = Debug|Any CPU
		Release|Any CPU = Release|Any CPU
	EndGlobalSection
	GlobalSection(ProjectConfigurationPlatforms) = postSolution
		{9210F7ED-56BA-4C77-B7B9-95E2A5200A15}.Debug|Any CPU.ActiveCfg = Debug|Any CPU
		{9210F7ED-56BA-4C77-B7B9-95E2A5200A15}.Debug|Any CPU.Build.0 = Debug|Any CPU
		{9210F7ED-56BA-4C77-B7B9-95E2A5200A15}.Release|Any CPU.ActiveCfg = Release|Any CPU
		{9210F7ED-56BA-4C77-B7B9-95E2A5200A15}.Release|Any CPU.Build.0 = Release|Any CPU
	EndGlobalSection
	GlobalSection(SolutionProperties) = preSolution
		HideSolutionNode = FALSE
	EndGlobalSection
	GlobalSection(ExtensibilityGlobals) = postSolution
		SolutionGuid = {4CFD1C1D-AC7C-4755-B4E1-7AF8678844ED}
	EndGlobalSection
EndGlobal
