
Microsoft Visual Studio Solution File, Format Version 12.00
# Visual Studio Version 17
VisualStudioVersion = 17.3.32901.215
MinimumVisualStudioVersion = 10.0.40219.1
Project("{FAE04EC0-301F-11D3-BF4B-00C04F79EFBC}") = "USB_ConsoleApp1", "USB_ConsoleApp1.csproj", "{493B56E5-A1D6-4DB1-9A7E-9795B53C2B4B}"
EndProject
Global
	GlobalSection(SolutionConfigurationPlatforms) = preSolution
		Debug|Any CPU = Debug|Any CPU
		Release|Any CPU = Release|Any CPU
	EndGlobalSection
	GlobalSection(ProjectConfigurationPlatforms) = postSolution
		{493B56E5-A1D6-4DB1-9A7E-9795B53C2B4B}.Debug|Any CPU.ActiveCfg = Debug|Any CPU
		{493B56E5-A1D6-4DB1-9A7E-9795B53C2B4B}.Debug|Any CPU.Build.0 = Debug|Any CPU
		{493B56E5-A1D6-4DB1-9A7E-9795B53C2B4B}.Release|Any CPU.ActiveCfg = Release|Any CPU
		{493B56E5-A1D6-4DB1-9A7E-9795B53C2B4B}.Release|Any CPU.Build.0 = Release|Any CPU
	EndGlobalSection
	GlobalSection(SolutionProperties) = preSolution
		HideSolutionNode = FALSE
	EndGlobalSection
	GlobalSection(ExtensibilityGlobals) = postSolution
		SolutionGuid = {4192E165-0E14-4D95-AAC0-3D7082038222}
	EndGlobalSection
EndGlobal
